
Microsoft Visual Studio Solution File, Format Version 12.00
# Visual Studio Version 16
VisualStudioVersion = 16.0.31105.61
MinimumVisualStudioVersion = 10.0.40219.1
Project("{2150E333-8FDC-42A3-9474-1A3956D46DE8}") = "CleanArch.Application", "CleanArch.Application", "{B6768C72-92DE-4F8B-9CA9-A6EA01D35CE1}"
EndProject
Project("{2150E333-8FDC-42A3-9474-1A3956D46DE8}") = "CleanArch.Domain", "CleanArch.Domain", "{6BA7025A-C45D-4859-B445-27684174CD28}"
EndProject
Project("{2150E333-8FDC-42A3-9474-1A3956D46DE8}") = "CleanArch.Infra.IoC", "CleanArch.Infra.IoC", "{4ACC7AFF-FE2D-4E9A-956A-498B349C86FC}"
EndProject
Project("{2150E333-8FDC-42A3-9474-1A3956D46DE8}") = "CleanArch.Infra.Data", "CleanArch.Infra.Data", "{1B9B1CD2-131C-496D-BD1E-898BCF747785}"
EndProject
Project("{2150E333-8FDC-42A3-9474-1A3956D46DE8}") = "CleanArch.UI.MVC", "CleanArch.UI.MVC", "{F4950A0D-6A31-4B9A-89C8-40B42C988F77}"
EndProject
Project("{FAE04EC0-301F-11D3-BF4B-00C04F79EFBC}") = "CleanArch.Mvc", "CleanArch.Mvc\CleanArch.Mvc.csproj", "{E5395711-829F-45C3-8ED4-4A51D9E6289E}"
EndProject
Project("{2150E333-8FDC-42A3-9474-1A3956D46DE8}") = "Documentation", "Documentation", "{663EA128-4AE4-4D5D-B236-FD8EE2795BC2}"
	ProjectSection(SolutionItems) = preProject
		1_InitialDBCommands.txt = 1_InitialDBCommands.txt
	EndProjectSection
EndProject
Global
	GlobalSection(SolutionConfigurationPlatforms) = preSolution
		Debug|Any CPU = Debug|Any CPU
		Release|Any CPU = Release|Any CPU
	EndGlobalSection
	GlobalSection(ProjectConfigurationPlatforms) = postSolution
		{E5395711-829F-45C3-8ED4-4A51D9E6289E}.Debug|Any CPU.ActiveCfg = Debug|Any CPU
		{E5395711-829F-45C3-8ED4-4A51D9E6289E}.Debug|Any CPU.Build.0 = Debug|Any CPU
		{E5395711-829F-45C3-8ED4-4A51D9E6289E}.Release|Any CPU.ActiveCfg = Release|Any CPU
		{E5395711-829F-45C3-8ED4-4A51D9E6289E}.Release|Any CPU.Build.0 = Release|Any CPU
	EndGlobalSection
	GlobalSection(SolutionProperties) = preSolution
		HideSolutionNode = FALSE
	EndGlobalSection
	GlobalSection(NestedProjects) = preSolution
		{E5395711-829F-45C3-8ED4-4A51D9E6289E} = {F4950A0D-6A31-4B9A-89C8-40B42C988F77}
	EndGlobalSection
	GlobalSection(ExtensibilityGlobals) = postSolution
		SolutionGuid = {598E906F-429B-4A71-B3EA-C2F483197286}
	EndGlobalSection
EndGlobal
